// !$*UTF8*$!
{
	archiveVersion = 1;
	classes = {
	};
	objectVersion = 51;
	objects = {

/* Begin PBXBuildFile section */
		0FE3E7BB4AC8B4FB8614E81A /* Pods_MVVMRxSwiftRestaurants_MVVMRxSwiftRestaurantsUITests.framework in Frameworks */ = {isa = PBXBuildFile; fileRef = 966ED6113382F2EA26C0F855 /* Pods_MVVMRxSwiftRestaurants_MVVMRxSwiftRestaurantsUITests.framework */; };
		15C83917D3F85D9B91072FAA /* Pods_MVVMRxSwiftRestaurants.framework in Frameworks */ = {isa = PBXBuildFile; fileRef = 435B0CD3B5D30AAC30FE9237 /* Pods_MVVMRxSwiftRestaurants.framework */; };
		607BA30E2468C33C00C35634 /* AppDelegate.swift in Sources */ = {isa = PBXBuildFile; fileRef = 607BA30D2468C33C00C35634 /* AppDelegate.swift */; };
		607BA3102468C33C00C35634 /* SceneDelegate.swift in Sources */ = {isa = PBXBuildFile; fileRef = 607BA30F2468C33C00C35634 /* SceneDelegate.swift */; };
		607BA3122468C33C00C35634 /* RestaurantsViewController.swift in Sources */ = {isa = PBXBuildFile; fileRef = 607BA3112468C33C00C35634 /* RestaurantsViewController.swift */; };
		607BA3152468C33C00C35634 /* Main.storyboard in Resources */ = {isa = PBXBuildFile; fileRef = 607BA3132468C33C00C35634 /* Main.storyboard */; };
		607BA3172468C34100C35634 /* Assets.xcassets in Resources */ = {isa = PBXBuildFile; fileRef = 607BA3162468C34100C35634 /* Assets.xcassets */; };
		607BA31A2468C34100C35634 /* LaunchScreen.storyboard in Resources */ = {isa = PBXBuildFile; fileRef = 607BA3182468C34100C35634 /* LaunchScreen.storyboard */; };
		607BA3252468C34100C35634 /* MVVMRxSwiftRestaurantsTests.swift in Sources */ = {isa = PBXBuildFile; fileRef = 607BA3242468C34100C35634 /* MVVMRxSwiftRestaurantsTests.swift */; };
		607BA3302468C34100C35634 /* MVVMRxSwiftRestaurantsUITests.swift in Sources */ = {isa = PBXBuildFile; fileRef = 607BA32F2468C34100C35634 /* MVVMRxSwiftRestaurantsUITests.swift */; };
		607BA33E2468C60500C35634 /* AppCoordinator.swift in Sources */ = {isa = PBXBuildFile; fileRef = 607BA33D2468C60500C35634 /* AppCoordinator.swift */; };
		607BA3402468CBE700C35634 /* Restaurants.json in Resources */ = {isa = PBXBuildFile; fileRef = 607BA33F2468CBE700C35634 /* Restaurants.json */; };
		607BA3422468CE2300C35634 /* Restaurant.swift in Sources */ = {isa = PBXBuildFile; fileRef = 607BA3412468CE2300C35634 /* Restaurant.swift */; };
		607BA3442468CEF600C35634 /* RestaurantsService.swift in Sources */ = {isa = PBXBuildFile; fileRef = 607BA3432468CEF600C35634 /* RestaurantsService.swift */; };
		607BA348246A3D8800C35634 /* RestaurantsListViewModel.swift in Sources */ = {isa = PBXBuildFile; fileRef = 607BA347246A3D8800C35634 /* RestaurantsListViewModel.swift */; };
		607BA34A246A3EF500C35634 /* RestaurantViewModel.swift in Sources */ = {isa = PBXBuildFile; fileRef = 607BA349246A3EF500C35634 /* RestaurantViewModel.swift */; };
		7E92FBFC82E8484378E11B82 /* Pods_MVVMRxSwiftRestaurantsTests.framework in Frameworks */ = {isa = PBXBuildFile; fileRef = 7D3D11456BC7AD8755758511 /* Pods_MVVMRxSwiftRestaurantsTests.framework */; };
/* End PBXBuildFile section */

/* Begin PBXContainerItemProxy section */
		607BA3212468C34100C35634 /* PBXContainerItemProxy */ = {
			isa = PBXContainerItemProxy;
			containerPortal = 607BA3022468C33C00C35634 /* Project object */;
			proxyType = 1;
			remoteGlobalIDString = 607BA3092468C33C00C35634;
			remoteInfo = MVVMRxSwiftRestaurants;
		};
		607BA32C2468C34100C35634 /* PBXContainerItemProxy */ = {
			isa = PBXContainerItemProxy;
			containerPortal = 607BA3022468C33C00C35634 /* Project object */;
			proxyType = 1;
			remoteGlobalIDString = 607BA3092468C33C00C35634;
			remoteInfo = MVVMRxSwiftRestaurants;
		};
/* End PBXContainerItemProxy section */

/* Begin PBXFileReference section */
		1431F180043E0ADB613451B2 /* Pods-MVVMRxSwiftRestaurants.release.xcconfig */ = {isa = PBXFileReference; includeInIndex = 1; lastKnownFileType = text.xcconfig; name = "Pods-MVVMRxSwiftRestaurants.release.xcconfig"; path = "Target Support Files/Pods-MVVMRxSwiftRestaurants/Pods-MVVMRxSwiftRestaurants.release.xcconfig"; sourceTree = "<group>"; };
		216AF55FAF0491C097562845 /* Pods-MVVMRxSwiftRestaurants.debug.xcconfig */ = {isa = PBXFileReference; includeInIndex = 1; lastKnownFileType = text.xcconfig; name = "Pods-MVVMRxSwiftRestaurants.debug.xcconfig"; path = "Target Support Files/Pods-MVVMRxSwiftRestaurants/Pods-MVVMRxSwiftRestaurants.debug.xcconfig"; sourceTree = "<group>"; };
		391FC738814ABE5F7F362819 /* Pods-MVVMRxSwiftRestaurantsTests.debug.xcconfig */ = {isa = PBXFileReference; includeInIndex = 1; lastKnownFileType = text.xcconfig; name = "Pods-MVVMRxSwiftRestaurantsTests.debug.xcconfig"; path = "Target Support Files/Pods-MVVMRxSwiftRestaurantsTests/Pods-MVVMRxSwiftRestaurantsTests.debug.xcconfig"; sourceTree = "<group>"; };
		4198AFB529871A5B592FAC2F /* Pods-MVVMRxSwiftRestaurants-MVVMRxSwiftRestaurantsUITests.debug.xcconfig */ = {isa = PBXFileReference; includeInIndex = 1; lastKnownFileType = text.xcconfig; name = "Pods-MVVMRxSwiftRestaurants-MVVMRxSwiftRestaurantsUITests.debug.xcconfig"; path = "Target Support Files/Pods-MVVMRxSwiftRestaurants-MVVMRxSwiftRestaurantsUITests/Pods-MVVMRxSwiftRestaurants-MVVMRxSwiftRestaurantsUITests.debug.xcconfig"; sourceTree = "<group>"; };
		435B0CD3B5D30AAC30FE9237 /* Pods_MVVMRxSwiftRestaurants.framework */ = {isa = PBXFileReference; explicitFileType = wrapper.framework; includeInIndex = 0; path = Pods_MVVMRxSwiftRestaurants.framework; sourceTree = BUILT_PRODUCTS_DIR; };
		607BA30A2468C33C00C35634 /* MVVMRxSwiftRestaurants.app */ = {isa = PBXFileReference; explicitFileType = wrapper.application; includeInIndex = 0; path = MVVMRxSwiftRestaurants.app; sourceTree = BUILT_PRODUCTS_DIR; };
		607BA30D2468C33C00C35634 /* AppDelegate.swift */ = {isa = PBXFileReference; lastKnownFileType = sourcecode.swift; path = AppDelegate.swift; sourceTree = "<group>"; };
		607BA30F2468C33C00C35634 /* SceneDelegate.swift */ = {isa = PBXFileReference; lastKnownFileType = sourcecode.swift; path = SceneDelegate.swift; sourceTree = "<group>"; };
		607BA3112468C33C00C35634 /* RestaurantsViewController.swift */ = {isa = PBXFileReference; lastKnownFileType = sourcecode.swift; path = RestaurantsViewController.swift; sourceTree = "<group>"; };
		607BA3142468C33C00C35634 /* Base */ = {isa = PBXFileReference; lastKnownFileType = file.storyboard; name = Base; path = Base.lproj/Main.storyboard; sourceTree = "<group>"; };
		607BA3162468C34100C35634 /* Assets.xcassets */ = {isa = PBXFileReference; lastKnownFileType = folder.assetcatalog; path = Assets.xcassets; sourceTree = "<group>"; };
		607BA3192468C34100C35634 /* Base */ = {isa = PBXFileReference; lastKnownFileType = file.storyboard; name = Base; path = Base.lproj/LaunchScreen.storyboard; sourceTree = "<group>"; };
		607BA31B2468C34100C35634 /* Info.plist */ = {isa = PBXFileReference; lastKnownFileType = text.plist.xml; path = Info.plist; sourceTree = "<group>"; };
		607BA3202468C34100C35634 /* MVVMRxSwiftRestaurantsTests.xctest */ = {isa = PBXFileReference; explicitFileType = wrapper.cfbundle; includeInIndex = 0; path = MVVMRxSwiftRestaurantsTests.xctest; sourceTree = BUILT_PRODUCTS_DIR; };
		607BA3242468C34100C35634 /* MVVMRxSwiftRestaurantsTests.swift */ = {isa = PBXFileReference; lastKnownFileType = sourcecode.swift; path = MVVMRxSwiftRestaurantsTests.swift; sourceTree = "<group>"; };
		607BA3262468C34100C35634 /* Info.plist */ = {isa = PBXFileReference; lastKnownFileType = text.plist.xml; path = Info.plist; sourceTree = "<group>"; };
		607BA32B2468C34100C35634 /* MVVMRxSwiftRestaurantsUITests.xctest */ = {isa = PBXFileReference; explicitFileType = wrapper.cfbundle; includeInIndex = 0; path = MVVMRxSwiftRestaurantsUITests.xctest; sourceTree = BUILT_PRODUCTS_DIR; };
		607BA32F2468C34100C35634 /* MVVMRxSwiftRestaurantsUITests.swift */ = {isa = PBXFileReference; lastKnownFileType = sourcecode.swift; path = MVVMRxSwiftRestaurantsUITests.swift; sourceTree = "<group>"; };
		607BA3312468C34100C35634 /* Info.plist */ = {isa = PBXFileReference; lastKnownFileType = text.plist.xml; path = Info.plist; sourceTree = "<group>"; };
		607BA33D2468C60500C35634 /* AppCoordinator.swift */ = {isa = PBXFileReference; lastKnownFileType = sourcecode.swift; path = AppCoordinator.swift; sourceTree = "<group>"; };
		607BA33F2468CBE700C35634 /* Restaurants.json */ = {isa = PBXFileReference; lastKnownFileType = text.json; path = Restaurants.json; sourceTree = "<group>"; };
		607BA3412468CE2300C35634 /* Restaurant.swift */ = {isa = PBXFileReference; lastKnownFileType = sourcecode.swift; path = Restaurant.swift; sourceTree = "<group>"; };
		607BA3432468CEF600C35634 /* RestaurantsService.swift */ = {isa = PBXFileReference; lastKnownFileType = sourcecode.swift; path = RestaurantsService.swift; sourceTree = "<group>"; };
		607BA347246A3D8800C35634 /* RestaurantsListViewModel.swift */ = {isa = PBXFileReference; lastKnownFileType = sourcecode.swift; path = RestaurantsListViewModel.swift; sourceTree = "<group>"; };
		607BA349246A3EF500C35634 /* RestaurantViewModel.swift */ = {isa = PBXFileReference; lastKnownFileType = sourcecode.swift; path = RestaurantViewModel.swift; sourceTree = "<group>"; };
		7D3D11456BC7AD8755758511 /* Pods_MVVMRxSwiftRestaurantsTests.framework */ = {isa = PBXFileReference; explicitFileType = wrapper.framework; includeInIndex = 0; path = Pods_MVVMRxSwiftRestaurantsTests.framework; sourceTree = BUILT_PRODUCTS_DIR; };
		91078F9C78AC6B078BAF5FD2 /* Pods-MVVMRxSwiftRestaurantsTests.release.xcconfig */ = {isa = PBXFileReference; includeInIndex = 1; lastKnownFileType = text.xcconfig; name = "Pods-MVVMRxSwiftRestaurantsTests.release.xcconfig"; path = "Target Support Files/Pods-MVVMRxSwiftRestaurantsTests/Pods-MVVMRxSwiftRestaurantsTests.release.xcconfig"; sourceTree = "<group>"; };
		966ED6113382F2EA26C0F855 /* Pods_MVVMRxSwiftRestaurants_MVVMRxSwiftRestaurantsUITests.framework */ = {isa = PBXFileReference; explicitFileType = wrapper.framework; includeInIndex = 0; path = Pods_MVVMRxSwiftRestaurants_MVVMRxSwiftRestaurantsUITests.framework; sourceTree = BUILT_PRODUCTS_DIR; };
		F3DD40123BE3D26F870FDCB0 /* Pods-MVVMRxSwiftRestaurants-MVVMRxSwiftRestaurantsUITests.release.xcconfig */ = {isa = PBXFileReference; includeInIndex = 1; lastKnownFileType = text.xcconfig; name = "Pods-MVVMRxSwiftRestaurants-MVVMRxSwiftRestaurantsUITests.release.xcconfig"; path = "Target Support Files/Pods-MVVMRxSwiftRestaurants-MVVMRxSwiftRestaurantsUITests/Pods-MVVMRxSwiftRestaurants-MVVMRxSwiftRestaurantsUITests.release.xcconfig"; sourceTree = "<group>"; };
/* End PBXFileReference section */

/* Begin PBXFrameworksBuildPhase section */
		607BA3072468C33C00C35634 /* Frameworks */ = {
			isa = PBXFrameworksBuildPhase;
			buildActionMask = 2147483647;
			files = (
				15C83917D3F85D9B91072FAA /* Pods_MVVMRxSwiftRestaurants.framework in Frameworks */,
			);
			runOnlyForDeploymentPostprocessing = 0;
		};
		607BA31D2468C34100C35634 /* Frameworks */ = {
			isa = PBXFrameworksBuildPhase;
			buildActionMask = 2147483647;
			files = (
				7E92FBFC82E8484378E11B82 /* Pods_MVVMRxSwiftRestaurantsTests.framework in Frameworks */,
			);
			runOnlyForDeploymentPostprocessing = 0;
		};
		607BA3282468C34100C35634 /* Frameworks */ = {
			isa = PBXFrameworksBuildPhase;
			buildActionMask = 2147483647;
			files = (
				0FE3E7BB4AC8B4FB8614E81A /* Pods_MVVMRxSwiftRestaurants_MVVMRxSwiftRestaurantsUITests.framework in Frameworks */,
			);
			runOnlyForDeploymentPostprocessing = 0;
		};
/* End PBXFrameworksBuildPhase section */

/* Begin PBXGroup section */
		607BA3012468C33C00C35634 = {
			isa = PBXGroup;
			children = (
				607BA30C2468C33C00C35634 /* MVVMRxSwiftRestaurants */,
				607BA3232468C34100C35634 /* MVVMRxSwiftRestaurantsTests */,
				607BA32E2468C34100C35634 /* MVVMRxSwiftRestaurantsUITests */,
				607BA30B2468C33C00C35634 /* Products */,
				811720E80D228404295B1639 /* Pods */,
				E4F919D336B910514A4907B0 /* Frameworks */,
			);
			sourceTree = "<group>";
		};
		607BA30B2468C33C00C35634 /* Products */ = {
			isa = PBXGroup;
			children = (
				607BA30A2468C33C00C35634 /* MVVMRxSwiftRestaurants.app */,
				607BA3202468C34100C35634 /* MVVMRxSwiftRestaurantsTests.xctest */,
				607BA32B2468C34100C35634 /* MVVMRxSwiftRestaurantsUITests.xctest */,
			);
			name = Products;
			sourceTree = "<group>";
		};
		607BA30C2468C33C00C35634 /* MVVMRxSwiftRestaurants */ = {
			isa = PBXGroup;
			children = (
				607BA30D2468C33C00C35634 /* AppDelegate.swift */,
				607BA30F2468C33C00C35634 /* SceneDelegate.swift */,
				607BA33D2468C60500C35634 /* AppCoordinator.swift */,
				607BA346246A0CF500C35634 /* Restaurants */,
				607BA3162468C34100C35634 /* Assets.xcassets */,
				607BA345246A0CB700C35634 /* Storyboards */,
				607BA31B2468C34100C35634 /* Info.plist */,
			);
			path = MVVMRxSwiftRestaurants;
			sourceTree = "<group>";
		};
		607BA3232468C34100C35634 /* MVVMRxSwiftRestaurantsTests */ = {
			isa = PBXGroup;
			children = (
				607BA3242468C34100C35634 /* MVVMRxSwiftRestaurantsTests.swift */,
				607BA3262468C34100C35634 /* Info.plist */,
			);
			path = MVVMRxSwiftRestaurantsTests;
			sourceTree = "<group>";
		};
		607BA32E2468C34100C35634 /* MVVMRxSwiftRestaurantsUITests */ = {
			isa = PBXGroup;
			children = (
				607BA32F2468C34100C35634 /* MVVMRxSwiftRestaurantsUITests.swift */,
				607BA3312468C34100C35634 /* Info.plist */,
			);
			path = MVVMRxSwiftRestaurantsUITests;
			sourceTree = "<group>";
		};
		607BA345246A0CB700C35634 /* Storyboards */ = {
			isa = PBXGroup;
			children = (
				607BA3132468C33C00C35634 /* Main.storyboard */,
				607BA3182468C34100C35634 /* LaunchScreen.storyboard */,
			);
			path = Storyboards;
			sourceTree = "<group>";
		};
		607BA346246A0CF500C35634 /* Restaurants */ = {
			isa = PBXGroup;
			children = (
				607BA3112468C33C00C35634 /* RestaurantsViewController.swift */,
				607BA347246A3D8800C35634 /* RestaurantsListViewModel.swift */,
				607BA349246A3EF500C35634 /* RestaurantViewModel.swift */,
				607BA3432468CEF600C35634 /* RestaurantsService.swift */,
				607BA3412468CE2300C35634 /* Restaurant.swift */,
				607BA33F2468CBE700C35634 /* Restaurants.json */,
			);
			path = Restaurants;
			sourceTree = "<group>";
		};
		811720E80D228404295B1639 /* Pods */ = {
			isa = PBXGroup;
			children = (
				216AF55FAF0491C097562845 /* Pods-MVVMRxSwiftRestaurants.debug.xcconfig */,
				1431F180043E0ADB613451B2 /* Pods-MVVMRxSwiftRestaurants.release.xcconfig */,
				4198AFB529871A5B592FAC2F /* Pods-MVVMRxSwiftRestaurants-MVVMRxSwiftRestaurantsUITests.debug.xcconfig */,
				F3DD40123BE3D26F870FDCB0 /* Pods-MVVMRxSwiftRestaurants-MVVMRxSwiftRestaurantsUITests.release.xcconfig */,
				391FC738814ABE5F7F362819 /* Pods-MVVMRxSwiftRestaurantsTests.debug.xcconfig */,
				91078F9C78AC6B078BAF5FD2 /* Pods-MVVMRxSwiftRestaurantsTests.release.xcconfig */,
			);
			path = Pods;
			sourceTree = "<group>";
		};
		E4F919D336B910514A4907B0 /* Frameworks */ = {
			isa = PBXGroup;
			children = (
				435B0CD3B5D30AAC30FE9237 /* Pods_MVVMRxSwiftRestaurants.framework */,
				966ED6113382F2EA26C0F855 /* Pods_MVVMRxSwiftRestaurants_MVVMRxSwiftRestaurantsUITests.framework */,
				7D3D11456BC7AD8755758511 /* Pods_MVVMRxSwiftRestaurantsTests.framework */,
			);
			name = Frameworks;
			sourceTree = "<group>";
		};
/* End PBXGroup section */

/* Begin PBXNativeTarget section */
		607BA3092468C33C00C35634 /* MVVMRxSwiftRestaurants */ = {
			isa = PBXNativeTarget;
			buildConfigurationList = 607BA3342468C34100C35634 /* Build configuration list for PBXNativeTarget "MVVMRxSwiftRestaurants" */;
			buildPhases = (
				516D198F17AD7C469DEE5728 /* [CP] Check Pods Manifest.lock */,
				607BA3062468C33C00C35634 /* Sources */,
				607BA3072468C33C00C35634 /* Frameworks */,
				607BA3082468C33C00C35634 /* Resources */,
				8FAC9E3AD82D5B1BB09C531E /* [CP] Embed Pods Frameworks */,
			);
			buildRules = (
			);
			dependencies = (
			);
			name = MVVMRxSwiftRestaurants;
			productName = MVVMRxSwiftRestaurants;
			productReference = 607BA30A2468C33C00C35634 /* MVVMRxSwiftRestaurants.app */;
			productType = "com.apple.product-type.application";
		};
		607BA31F2468C34100C35634 /* MVVMRxSwiftRestaurantsTests */ = {
			isa = PBXNativeTarget;
			buildConfigurationList = 607BA3372468C34100C35634 /* Build configuration list for PBXNativeTarget "MVVMRxSwiftRestaurantsTests" */;
			buildPhases = (
				3B00DA4DC3AA4F98750061F1 /* [CP] Check Pods Manifest.lock */,
				607BA31C2468C34100C35634 /* Sources */,
				607BA31D2468C34100C35634 /* Frameworks */,
				607BA31E2468C34100C35634 /* Resources */,
			);
			buildRules = (
			);
			dependencies = (
				607BA3222468C34100C35634 /* PBXTargetDependency */,
			);
			name = MVVMRxSwiftRestaurantsTests;
			productName = MVVMRxSwiftRestaurantsTests;
			productReference = 607BA3202468C34100C35634 /* MVVMRxSwiftRestaurantsTests.xctest */;
			productType = "com.apple.product-type.bundle.unit-test";
		};
		607BA32A2468C34100C35634 /* MVVMRxSwiftRestaurantsUITests */ = {
			isa = PBXNativeTarget;
			buildConfigurationList = 607BA33A2468C34100C35634 /* Build configuration list for PBXNativeTarget "MVVMRxSwiftRestaurantsUITests" */;
			buildPhases = (
				B30809002B637BA283A0E86E /* [CP] Check Pods Manifest.lock */,
				607BA3272468C34100C35634 /* Sources */,
				607BA3282468C34100C35634 /* Frameworks */,
				607BA3292468C34100C35634 /* Resources */,
				0B085B70BF1BDB357F43B8A7 /* [CP] Embed Pods Frameworks */,
			);
			buildRules = (
			);
			dependencies = (
				607BA32D2468C34100C35634 /* PBXTargetDependency */,
			);
			name = MVVMRxSwiftRestaurantsUITests;
			productName = MVVMRxSwiftRestaurantsUITests;
			productReference = 607BA32B2468C34100C35634 /* MVVMRxSwiftRestaurantsUITests.xctest */;
			productType = "com.apple.product-type.bundle.ui-testing";
		};
/* End PBXNativeTarget section */

/* Begin PBXProject section */
		607BA3022468C33C00C35634 /* Project object */ = {
			isa = PBXProject;
			attributes = {
				LastSwiftUpdateCheck = 1130;
				LastUpgradeCheck = 1130;
				ORGANIZATIONNAME = "Faiçal Hasni";
				TargetAttributes = {
					607BA3092468C33C00C35634 = {
						CreatedOnToolsVersion = 11.3;
					};
					607BA31F2468C34100C35634 = {
						CreatedOnToolsVersion = 11.3;
						TestTargetID = 607BA3092468C33C00C35634;
					};
					607BA32A2468C34100C35634 = {
						CreatedOnToolsVersion = 11.3;
						TestTargetID = 607BA3092468C33C00C35634;
					};
				};
			};
			buildConfigurationList = 607BA3052468C33C00C35634 /* Build configuration list for PBXProject "MVVMRxSwiftRestaurants" */;
			compatibilityVersion = "Xcode 9.3";
			developmentRegion = en;
			hasScannedForEncodings = 0;
			knownRegions = (
				en,
				Base,
			);
			mainGroup = 607BA3012468C33C00C35634;
			productRefGroup = 607BA30B2468C33C00C35634 /* Products */;
			projectDirPath = "";
			projectRoot = "";
			targets = (
				607BA3092468C33C00C35634 /* MVVMRxSwiftRestaurants */,
				607BA31F2468C34100C35634 /* MVVMRxSwiftRestaurantsTests */,
				607BA32A2468C34100C35634 /* MVVMRxSwiftRestaurantsUITests */,
			);
		};
/* End PBXProject section */

/* Begin PBXResourcesBuildPhase section */
		607BA3082468C33C00C35634 /* Resources */ = {
			isa = PBXResourcesBuildPhase;
			buildActionMask = 2147483647;
			files = (
				607BA31A2468C34100C35634 /* LaunchScreen.storyboard in Resources */,
				607BA3172468C34100C35634 /* Assets.xcassets in Resources */,
				607BA3152468C33C00C35634 /* Main.storyboard in Resources */,
				607BA3402468CBE700C35634 /* Restaurants.json in Resources */,
			);
			runOnlyForDeploymentPostprocessing = 0;
		};
		607BA31E2468C34100C35634 /* Resources */ = {
			isa = PBXResourcesBuildPhase;
			buildActionMask = 2147483647;
			files = (
			);
			runOnlyForDeploymentPostprocessing = 0;
		};
		607BA3292468C34100C35634 /* Resources */ = {
			isa = PBXResourcesBuildPhase;
			buildActionMask = 2147483647;
			files = (
			);
			runOnlyForDeploymentPostprocessing = 0;
		};
/* End PBXResourcesBuildPhase section */

/* Begin PBXShellScriptBuildPhase section */
		0B085B70BF1BDB357F43B8A7 /* [CP] Embed Pods Frameworks */ = {
			isa = PBXShellScriptBuildPhase;
			buildActionMask = 2147483647;
			files = (
			);
			inputFileListPaths = (
				"${PODS_ROOT}/Target Support Files/Pods-MVVMRxSwiftRestaurants-MVVMRxSwiftRestaurantsUITests/Pods-MVVMRxSwiftRestaurants-MVVMRxSwiftRestaurantsUITests-frameworks-${CONFIGURATION}-input-files.xcfilelist",
			);
			name = "[CP] Embed Pods Frameworks";
			outputFileListPaths = (
				"${PODS_ROOT}/Target Support Files/Pods-MVVMRxSwiftRestaurants-MVVMRxSwiftRestaurantsUITests/Pods-MVVMRxSwiftRestaurants-MVVMRxSwiftRestaurantsUITests-frameworks-${CONFIGURATION}-output-files.xcfilelist",
			);
			runOnlyForDeploymentPostprocessing = 0;
			shellPath = /bin/sh;
			shellScript = "\"${PODS_ROOT}/Target Support Files/Pods-MVVMRxSwiftRestaurants-MVVMRxSwiftRestaurantsUITests/Pods-MVVMRxSwiftRestaurants-MVVMRxSwiftRestaurantsUITests-frameworks.sh\"\n";
			showEnvVarsInLog = 0;
		};
		3B00DA4DC3AA4F98750061F1 /* [CP] Check Pods Manifest.lock */ = {
			isa = PBXShellScriptBuildPhase;
			buildActionMask = 2147483647;
			files = (
			);
			inputFileListPaths = (
			);
			inputPaths = (
				"${PODS_PODFILE_DIR_PATH}/Podfile.lock",
				"${PODS_ROOT}/Manifest.lock",
			);
			name = "[CP] Check Pods Manifest.lock";
			outputFileListPaths = (
			);
			outputPaths = (
				"$(DERIVED_FILE_DIR)/Pods-MVVMRxSwiftRestaurantsTests-checkManifestLockResult.txt",
			);
			runOnlyForDeploymentPostprocessing = 0;
			shellPath = /bin/sh;
			shellScript = "diff \"${PODS_PODFILE_DIR_PATH}/Podfile.lock\" \"${PODS_ROOT}/Manifest.lock\" > /dev/null\nif [ $? != 0 ] ; then\n    # print error to STDERR\n    echo \"error: The sandbox is not in sync with the Podfile.lock. Run 'pod install' or update your CocoaPods installation.\" >&2\n    exit 1\nfi\n# This output is used by Xcode 'outputs' to avoid re-running this script phase.\necho \"SUCCESS\" > \"${SCRIPT_OUTPUT_FILE_0}\"\n";
			showEnvVarsInLog = 0;
		};
		516D198F17AD7C469DEE5728 /* [CP] Check Pods Manifest.lock */ = {
			isa = PBXShellScriptBuildPhase;
			buildActionMask = 2147483647;
			files = (
			);
			inputFileListPaths = (
			);
			inputPaths = (
				"${PODS_PODFILE_DIR_PATH}/Podfile.lock",
				"${PODS_ROOT}/Manifest.lock",
			);
			name = "[CP] Check Pods Manifest.lock";
			outputFileListPaths = (
			);
			outputPaths = (
				"$(DERIVED_FILE_DIR)/Pods-MVVMRxSwiftRestaurants-checkManifestLockResult.txt",
			);
			runOnlyForDeploymentPostprocessing = 0;
			shellPath = /bin/sh;
			shellScript = "diff \"${PODS_PODFILE_DIR_PATH}/Podfile.lock\" \"${PODS_ROOT}/Manifest.lock\" > /dev/null\nif [ $? != 0 ] ; then\n    # print error to STDERR\n    echo \"error: The sandbox is not in sync with the Podfile.lock. Run 'pod install' or update your CocoaPods installation.\" >&2\n    exit 1\nfi\n# This output is used by Xcode 'outputs' to avoid re-running this script phase.\necho \"SUCCESS\" > \"${SCRIPT_OUTPUT_FILE_0}\"\n";
			showEnvVarsInLog = 0;
		};
		8FAC9E3AD82D5B1BB09C531E /* [CP] Embed Pods Frameworks */ = {
			isa = PBXShellScriptBuildPhase;
			buildActionMask = 2147483647;
			files = (
			);
			inputFileListPaths = (
				"${PODS_ROOT}/Target Support Files/Pods-MVVMRxSwiftRestaurants/Pods-MVVMRxSwiftRestaurants-frameworks-${CONFIGURATION}-input-files.xcfilelist",
			);
			name = "[CP] Embed Pods Frameworks";
			outputFileListPaths = (
				"${PODS_ROOT}/Target Support Files/Pods-MVVMRxSwiftRestaurants/Pods-MVVMRxSwiftRestaurants-frameworks-${CONFIGURATION}-output-files.xcfilelist",
			);
			runOnlyForDeploymentPostprocessing = 0;
			shellPath = /bin/sh;
			shellScript = "\"${PODS_ROOT}/Target Support Files/Pods-MVVMRxSwiftRestaurants/Pods-MVVMRxSwiftRestaurants-frameworks.sh\"\n";
			showEnvVarsInLog = 0;
		};
		B30809002B637BA283A0E86E /* [CP] Check Pods Manifest.lock */ = {
			isa = PBXShellScriptBuildPhase;
			buildActionMask = 2147483647;
			files = (
			);
			inputFileListPaths = (
			);
			inputPaths = (
				"${PODS_PODFILE_DIR_PATH}/Podfile.lock",
				"${PODS_ROOT}/Manifest.lock",
			);
			name = "[CP] Check Pods Manifest.lock";
			outputFileListPaths = (
			);
			outputPaths = (
				"$(DERIVED_FILE_DIR)/Pods-MVVMRxSwiftRestaurants-MVVMRxSwiftRestaurantsUITests-checkManifestLockResult.txt",
			);
			runOnlyForDeploymentPostprocessing = 0;
			shellPath = /bin/sh;
			shellScript = "diff \"${PODS_PODFILE_DIR_PATH}/Podfile.lock\" \"${PODS_ROOT}/Manifest.lock\" > /dev/null\nif [ $? != 0 ] ; then\n    # print error to STDERR\n    echo \"error: The sandbox is not in sync with the Podfile.lock. Run 'pod install' or update your CocoaPods installation.\" >&2\n    exit 1\nfi\n# This output is used by Xcode 'outputs' to avoid re-running this script phase.\necho \"SUCCESS\" > \"${SCRIPT_OUTPUT_FILE_0}\"\n";
			showEnvVarsInLog = 0;
		};
/* End PBXShellScriptBuildPhase section */

/* Begin PBXSourcesBuildPhase section */
		607BA3062468C33C00C35634 /* Sources */ = {
			isa = PBXSourcesBuildPhase;
			buildActionMask = 2147483647;
			files = (
				607BA3422468CE2300C35634 /* Restaurant.swift in Sources */,
				607BA34A246A3EF500C35634 /* RestaurantViewModel.swift in Sources */,
				607BA33E2468C60500C35634 /* AppCoordinator.swift in Sources */,
				607BA3122468C33C00C35634 /* RestaurantsViewController.swift in Sources */,
				607BA30E2468C33C00C35634 /* AppDelegate.swift in Sources */,
				607BA3442468CEF600C35634 /* RestaurantsService.swift in Sources */,
				607BA348246A3D8800C35634 /* RestaurantsListViewModel.swift in Sources */,
				607BA3102468C33C00C35634 /* SceneDelegate.swift in Sources */,
			);
			runOnlyForDeploymentPostprocessing = 0;
		};
		607BA31C2468C34100C35634 /* Sources */ = {
			isa = PBXSourcesBuildPhase;
			buildActionMask = 2147483647;
			files = (
				607BA3252468C34100C35634 /* MVVMRxSwiftRestaurantsTests.swift in Sources */,
			);
			runOnlyForDeploymentPostprocessing = 0;
		};
		607BA3272468C34100C35634 /* Sources */ = {
			isa = PBXSourcesBuildPhase;
			buildActionMask = 2147483647;
			files = (
				607BA3302468C34100C35634 /* MVVMRxSwiftRestaurantsUITests.swift in Sources */,
			);
			runOnlyForDeploymentPostprocessing = 0;
		};
/* End PBXSourcesBuildPhase section */

/* Begin PBXTargetDependency section */
		607BA3222468C34100C35634 /* PBXTargetDependency */ = {
			isa = PBXTargetDependency;
			target = 607BA3092468C33C00C35634 /* MVVMRxSwiftRestaurants */;
			targetProxy = 607BA3212468C34100C35634 /* PBXContainerItemProxy */;
		};
		607BA32D2468C34100C35634 /* PBXTargetDependency */ = {
			isa = PBXTargetDependency;
			target = 607BA3092468C33C00C35634 /* MVVMRxSwiftRestaurants */;
			targetProxy = 607BA32C2468C34100C35634 /* PBXContainerItemProxy */;
		};
/* End PBXTargetDependency section */

/* Begin PBXVariantGroup section */
		607BA3132468C33C00C35634 /* Main.storyboard */ = {
			isa = PBXVariantGroup;
			children = (
				607BA3142468C33C00C35634 /* Base */,
			);
			name = Main.storyboard;
			sourceTree = "<group>";
		};
		607BA3182468C34100C35634 /* LaunchScreen.storyboard */ = {
			isa = PBXVariantGroup;
			children = (
				607BA3192468C34100C35634 /* Base */,
			);
			name = LaunchScreen.storyboard;
			sourceTree = "<group>";
		};
/* End PBXVariantGroup section */

/* Begin XCBuildConfiguration section */
		607BA3322468C34100C35634 /* Debug */ = {
			isa = XCBuildConfiguration;
			buildSettings = {
				ALWAYS_SEARCH_USER_PATHS = NO;
				CLANG_ANALYZER_NONNULL = YES;
				CLANG_ANALYZER_NUMBER_OBJECT_CONVERSION = YES_AGGRESSIVE;
				CLANG_CXX_LANGUAGE_STANDARD = "gnu++14";
				CLANG_CXX_LIBRARY = "libc++";
				CLANG_ENABLE_MODULES = YES;
				CLANG_ENABLE_OBJC_ARC = YES;
				CLANG_ENABLE_OBJC_WEAK = YES;
				CLANG_WARN_BLOCK_CAPTURE_AUTORELEASING = YES;
				CLANG_WARN_BOOL_CONVERSION = YES;
				CLANG_WARN_COMMA = YES;
				CLANG_WARN_CONSTANT_CONVERSION = YES;
				CLANG_WARN_DEPRECATED_OBJC_IMPLEMENTATIONS = YES;
				CLANG_WARN_DIRECT_OBJC_ISA_USAGE = YES_ERROR;
				CLANG_WARN_DOCUMENTATION_COMMENTS = YES;
				CLANG_WARN_EMPTY_BODY = YES;
				CLANG_WARN_ENUM_CONVERSION = YES;
				CLANG_WARN_INFINITE_RECURSION = YES;
				CLANG_WARN_INT_CONVERSION = YES;
				CLANG_WARN_NON_LITERAL_NULL_CONVERSION = YES;
				CLANG_WARN_OBJC_IMPLICIT_RETAIN_SELF = YES;
				CLANG_WARN_OBJC_LITERAL_CONVERSION = YES;
				CLANG_WARN_OBJC_ROOT_CLASS = YES_ERROR;
				CLANG_WARN_RANGE_LOOP_ANALYSIS = YES;
				CLANG_WARN_STRICT_PROTOTYPES = YES;
				CLANG_WARN_SUSPICIOUS_MOVE = YES;
				CLANG_WARN_UNGUARDED_AVAILABILITY = YES_AGGRESSIVE;
				CLANG_WARN_UNREACHABLE_CODE = YES;
				CLANG_WARN__DUPLICATE_METHOD_MATCH = YES;
				COPY_PHASE_STRIP = NO;
				DEBUG_INFORMATION_FORMAT = dwarf;
				ENABLE_STRICT_OBJC_MSGSEND = YES;
				ENABLE_TESTABILITY = YES;
				GCC_C_LANGUAGE_STANDARD = gnu11;
				GCC_DYNAMIC_NO_PIC = NO;
				GCC_NO_COMMON_BLOCKS = YES;
				GCC_OPTIMIZATION_LEVEL = 0;
				GCC_PREPROCESSOR_DEFINITIONS = (
					"DEBUG=1",
					"$(inherited)",
				);
				GCC_WARN_64_TO_32_BIT_CONVERSION = YES;
				GCC_WARN_ABOUT_RETURN_TYPE = YES_ERROR;
				GCC_WARN_UNDECLARED_SELECTOR = YES;
				GCC_WARN_UNINITIALIZED_AUTOS = YES_AGGRESSIVE;
				GCC_WARN_UNUSED_FUNCTION = YES;
				GCC_WARN_UNUSED_VARIABLE = YES;
				IPHONEOS_DEPLOYMENT_TARGET = 13.2;
				MTL_ENABLE_DEBUG_INFO = INCLUDE_SOURCE;
				MTL_FAST_MATH = YES;
				ONLY_ACTIVE_ARCH = YES;
				SDKROOT = iphoneos;
				SWIFT_ACTIVE_COMPILATION_CONDITIONS = DEBUG;
				SWIFT_OPTIMIZATION_LEVEL = "-Onone";
			};
			name = Debug;
		};
		607BA3332468C34100C35634 /* Release */ = {
			isa = XCBuildConfiguration;
			buildSettings = {
				ALWAYS_SEARCH_USER_PATHS = NO;
				CLANG_ANALYZER_NONNULL = YES;
				CLANG_ANALYZER_NUMBER_OBJECT_CONVERSION = YES_AGGRESSIVE;
				CLANG_CXX_LANGUAGE_STANDARD = "gnu++14";
				CLANG_CXX_LIBRARY = "libc++";
				CLANG_ENABLE_MODULES = YES;
				CLANG_ENABLE_OBJC_ARC = YES;
				CLANG_ENABLE_OBJC_WEAK = YES;
				CLANG_WARN_BLOCK_CAPTURE_AUTORELEASING = YES;
				CLANG_WARN_BOOL_CONVERSION = YES;
				CLANG_WARN_COMMA = YES;
				CLANG_WARN_CONSTANT_CONVERSION = YES;
				CLANG_WARN_DEPRECATED_OBJC_IMPLEMENTATIONS = YES;
				CLANG_WARN_DIRECT_OBJC_ISA_USAGE = YES_ERROR;
				CLANG_WARN_DOCUMENTATION_COMMENTS = YES;
				CLANG_WARN_EMPTY_BODY = YES;
				CLANG_WARN_ENUM_CONVERSION = YES;
				CLANG_WARN_INFINITE_RECURSION = YES;
				CLANG_WARN_INT_CONVERSION = YES;
				CLANG_WARN_NON_LITERAL_NULL_CONVERSION = YES;
				CLANG_WARN_OBJC_IMPLICIT_RETAIN_SELF = YES;
				CLANG_WARN_OBJC_LITERAL_CONVERSION = YES;
				CLANG_WARN_OBJC_ROOT_CLASS = YES_ERROR;
				CLANG_WARN_RANGE_LOOP_ANALYSIS = YES;
				CLANG_WARN_STRICT_PROTOTYPES = YES;
				CLANG_WARN_SUSPICIOUS_MOVE = YES;
				CLANG_WARN_UNGUARDED_AVAILABILITY = YES_AGGRESSIVE;
				CLANG_WARN_UNREACHABLE_CODE = YES;
				CLANG_WARN__DUPLICATE_METHOD_MATCH = YES;
				COPY_PHASE_STRIP = NO;
				DEBUG_INFORMATION_FORMAT = "dwarf-with-dsym";
				ENABLE_NS_ASSERTIONS = NO;
				ENABLE_STRICT_OBJC_MSGSEND = YES;
				GCC_C_LANGUAGE_STANDARD = gnu11;
				GCC_NO_COMMON_BLOCKS = YES;
				GCC_WARN_64_TO_32_BIT_CONVERSION = YES;
				GCC_WARN_ABOUT_RETURN_TYPE = YES_ERROR;
				GCC_WARN_UNDECLARED_SELECTOR = YES;
				GCC_WARN_UNINITIALIZED_AUTOS = YES_AGGRESSIVE;
				GCC_WARN_UNUSED_FUNCTION = YES;
				GCC_WARN_UNUSED_VARIABLE = YES;
				IPHONEOS_DEPLOYMENT_TARGET = 13.2;
				MTL_ENABLE_DEBUG_INFO = NO;
				MTL_FAST_MATH = YES;
				SDKROOT = iphoneos;
				SWIFT_COMPILATION_MODE = wholemodule;
				SWIFT_OPTIMIZATION_LEVEL = "-O";
				VALIDATE_PRODUCT = YES;
			};
			name = Release;
		};
		607BA3352468C34100C35634 /* Debug */ = {
			isa = XCBuildConfiguration;
			baseConfigurationReference = 216AF55FAF0491C097562845 /* Pods-MVVMRxSwiftRestaurants.debug.xcconfig */;
			buildSettings = {
				ASSETCATALOG_COMPILER_APPICON_NAME = AppIcon;
				CODE_SIGN_STYLE = Automatic;
				INFOPLIST_FILE = MVVMRxSwiftRestaurants/Info.plist;
				LD_RUNPATH_SEARCH_PATHS = (
					"$(inherited)",
					"@executable_path/Frameworks",
				);
				PRODUCT_BUNDLE_IDENTIFIER = com.fhasni.MVVMRxSwiftRestaurants;
				PRODUCT_NAME = "$(TARGET_NAME)";
				SWIFT_VERSION = 5.0;
				TARGETED_DEVICE_FAMILY = "1,2";
			};
			name = Debug;
		};
		607BA3362468C34100C35634 /* Release */ = {
			isa = XCBuildConfiguration;
			baseConfigurationReference = 1431F180043E0ADB613451B2 /* Pods-MVVMRxSwiftRestaurants.release.xcconfig */;
			buildSettings = {
				ASSETCATALOG_COMPILER_APPICON_NAME = AppIcon;
				CODE_SIGN_STYLE = Automatic;
				INFOPLIST_FILE = MVVMRxSwiftRestaurants/Info.plist;
				LD_RUNPATH_SEARCH_PATHS = (
					"$(inherited)",
					"@executable_path/Frameworks",
				);
				PRODUCT_BUNDLE_IDENTIFIER = com.fhasni.MVVMRxSwiftRestaurants;
				PRODUCT_NAME = "$(TARGET_NAME)";
				SWIFT_VERSION = 5.0;
				TARGETED_DEVICE_FAMILY = "1,2";
			};
			name = Release;
		};
		607BA3382468C34100C35634 /* Debug */ = {
			isa = XCBuildConfiguration;
			baseConfigurationReference = 391FC738814ABE5F7F362819 /* Pods-MVVMRxSwiftRestaurantsTests.debug.xcconfig */;
			buildSettings = {
				ALWAYS_EMBED_SWIFT_STANDARD_LIBRARIES = YES;
				BUNDLE_LOADER = "$(TEST_HOST)";
				CODE_SIGN_STYLE = Automatic;
				INFOPLIST_FILE = MVVMRxSwiftRestaurantsTests/Info.plist;
				IPHONEOS_DEPLOYMENT_TARGET = 13.2;
				LD_RUNPATH_SEARCH_PATHS = (
					"$(inherited)",
					"@executable_path/Frameworks",
					"@loader_path/Frameworks",
				);
				PRODUCT_BUNDLE_IDENTIFIER = com.fhasni.MVVMRxSwiftRestaurantsTests;
				PRODUCT_NAME = "$(TARGET_NAME)";
				SWIFT_VERSION = 5.0;
				TARGETED_DEVICE_FAMILY = "1,2";
				TEST_HOST = "$(BUILT_PRODUCTS_DIR)/MVVMRxSwiftRestaurants.app/MVVMRxSwiftRestaurants";
			};
			name = Debug;
		};
		607BA3392468C34100C35634 /* Release */ = {
			isa = XCBuildConfiguration;
			baseConfigurationReference = 91078F9C78AC6B078BAF5FD2 /* Pods-MVVMRxSwiftRestaurantsTests.release.xcconfig */;
			buildSettings = {
				ALWAYS_EMBED_SWIFT_STANDARD_LIBRARIES = YES;
				BUNDLE_LOADER = "$(TEST_HOST)";
				CODE_SIGN_STYLE = Automatic;
				INFOPLIST_FILE = MVVMRxSwiftRestaurantsTests/Info.plist;
				IPHONEOS_DEPLOYMENT_TARGET = 13.2;
				LD_RUNPATH_SEARCH_PATHS = (
					"$(inherited)",
					"@executable_path/Frameworks",
					"@loader_path/Frameworks",
				);
				PRODUCT_BUNDLE_IDENTIFIER = com.fhasni.MVVMRxSwiftRestaurantsTests;
				PRODUCT_NAME = "$(TARGET_NAME)";
				SWIFT_VERSION = 5.0;
				TARGETED_DEVICE_FAMILY = "1,2";
				TEST_HOST = "$(BUILT_PRODUCTS_DIR)/MVVMRxSwiftRestaurants.app/MVVMRxSwiftRestaurants";
			};
			name = Release;
		};
		607BA33B2468C34100C35634 /* Debug */ = {
			isa = XCBuildConfiguration;
			baseConfigurationReference = 4198AFB529871A5B592FAC2F /* Pods-MVVMRxSwiftRestaurants-MVVMRxSwiftRestaurantsUITests.debug.xcconfig */;
			buildSettings = {
				ALWAYS_EMBED_SWIFT_STANDARD_LIBRARIES = YES;
				CODE_SIGN_STYLE = Automatic;
				INFOPLIST_FILE = MVVMRxSwiftRestaurantsUITests/Info.plist;
				LD_RUNPATH_SEARCH_PATHS = (
					"$(inherited)",
					"@executable_path/Frameworks",
					"@loader_path/Frameworks",
				);
				PRODUCT_BUNDLE_IDENTIFIER = com.fhasni.MVVMRxSwiftRestaurantsUITests;
				PRODUCT_NAME = "$(TARGET_NAME)";
				SWIFT_VERSION = 5.0;
				TARGETED_DEVICE_FAMILY = "1,2";
				TEST_TARGET_NAME = MVVMRxSwiftRestaurants;
			};
			name = Debug;
		};
		607BA33C2468C34100C35634 /* Release */ = {
			isa = XCBuildConfiguration;
			baseConfigurationReference = F3DD40123BE3D26F870FDCB0 /* Pods-MVVMRxSwiftRestaurants-MVVMRxSwiftRestaurantsUITests.release.xcconfig */;
			buildSettings = {
				ALWAYS_EMBED_SWIFT_STANDARD_LIBRARIES = YES;
				CODE_SIGN_STYLE = Automatic;
				INFOPLIST_FILE = MVVMRxSwiftRestaurantsUITests/Info.plist;
				LD_RUNPATH_SEARCH_PATHS = (
					"$(inherited)",
					"@executable_path/Frameworks",
					"@loader_path/Frameworks",
				);
				PRODUCT_BUNDLE_IDENTIFIER = com.fhasni.MVVMRxSwiftRestaurantsUITests;
				PRODUCT_NAME = "$(TARGET_NAME)";
				SWIFT_VERSION = 5.0;
				TARGETED_DEVICE_FAMILY = "1,2";
				TEST_TARGET_NAME = MVVMRxSwiftRestaurants;
			};
			name = Release;
		};
/* End XCBuildConfiguration section */

/* Begin XCConfigurationList section */
		607BA3052468C33C00C35634 /* Build configuration list for PBXProject "MVVMRxSwiftRestaurants" */ = {
			isa = XCConfigurationList;
			buildConfigurations = (
				607BA3322468C34100C35634 /* Debug */,
				607BA3332468C34100C35634 /* Release */,
			);
			defaultConfigurationIsVisible = 0;
			defaultConfigurationName = Release;
		};
		607BA3342468C34100C35634 /* Build configuration list for PBXNativeTarget "MVVMRxSwiftRestaurants" */ = {
			isa = XCConfigurationList;
			buildConfigurations = (
				607BA3352468C34100C35634 /* Debug */,
				607BA3362468C34100C35634 /* Release */,
			);
			defaultConfigurationIsVisible = 0;
			defaultConfigurationName = Release;
		};
		607BA3372468C34100C35634 /* Build configuration list for PBXNativeTarget "MVVMRxSwiftRestaurantsTests" */ = {
			isa = XCConfigurationList;
			buildConfigurations = (
				607BA3382468C34100C35634 /* Debug */,
				607BA3392468C34100C35634 /* Release */,
			);
			defaultConfigurationIsVisible = 0;
			defaultConfigurationName = Release;
		};
		607BA33A2468C34100C35634 /* Build configuration list for PBXNativeTarget "MVVMRxSwiftRestaurantsUITests" */ = {
			isa = XCConfigurationList;
			buildConfigurations = (
				607BA33B2468C34100C35634 /* Debug */,
				607BA33C2468C34100C35634 /* Release */,
			);
			defaultConfigurationIsVisible = 0;
			defaultConfigurationName = Release;
		};
/* End XCConfigurationList section */
	};
	rootObject = 607BA3022468C33C00C35634 /* Project object */;
}
